
Microsoft Visual Studio Solution File, Format Version 12.00
# Visual Studio Express 2012 for Web
Project("{FAE04EC0-301F-11D3-BF4B-00C04F79EFBC}") = "SpringloopsAPI", "SpringloopsAPI\SpringloopsAPI.csproj", "{83050C54-7361-4E5F-8CAF-6765819AA40D}"
EndProject
Project("{FAE04EC0-301F-11D3-BF4B-00C04F79EFBC}") = "SpringloopsAPI.Test", "SpringloopsAPI.Test\SpringloopsAPI.Test.csproj", "{4536B11F-86AA-4E69-BF5E-2DA1D8FD5F0D}"
EndProject
Project("{2150E333-8FDC-42A3-9474-1A3956D46DE8}") = ".nuget", ".nuget", "{AB3AD1C1-CADE-4E08-B775-52ED253AFE1C}"
	ProjectSection(SolutionItems) = preProject
		.nuget\NuGet.Config = .nuget\NuGet.Config
		.nuget\NuGet.exe = .nuget\NuGet.exe
		.nuget\NuGet.targets = .nuget\NuGet.targets
	EndProjectSection
EndProject
Global
	GlobalSection(SolutionConfigurationPlatforms) = preSolution
		Debug|Any CPU = Debug|Any CPU
		Release|Any CPU = Release|Any CPU
	EndGlobalSection
	GlobalSection(ProjectConfigurationPlatforms) = postSolution
		{83050C54-7361-4E5F-8CAF-6765819AA40D}.Debug|Any CPU.ActiveCfg = Debug|Any CPU
		{83050C54-7361-4E5F-8CAF-6765819AA40D}.Debug|Any CPU.Build.0 = Debug|Any CPU
		{83050C54-7361-4E5F-8CAF-6765819AA40D}.Release|Any CPU.ActiveCfg = Release|Any CPU
		{83050C54-7361-4E5F-8CAF-6765819AA40D}.Release|Any CPU.Build.0 = Release|Any CPU
		{4536B11F-86AA-4E69-BF5E-2DA1D8FD5F0D}.Debug|Any CPU.ActiveCfg = Debug|Any CPU
		{4536B11F-86AA-4E69-BF5E-2DA1D8FD5F0D}.Debug|Any CPU.Build.0 = Debug|Any CPU
		{4536B11F-86AA-4E69-BF5E-2DA1D8FD5F0D}.Release|Any CPU.ActiveCfg = Release|Any CPU
		{4536B11F-86AA-4E69-BF5E-2DA1D8FD5F0D}.Release|Any CPU.Build.0 = Release|Any CPU
	EndGlobalSection
	GlobalSection(SolutionProperties) = preSolution
		HideSolutionNode = FALSE
	EndGlobalSection
EndGlobal
